
Microsoft Visual Studio Solution File, Format Version 12.00
# Visual Studio 2012
Project("{FAE04EC0-301F-11D3-BF4B-00C04F79EFBC}") = "XamarinIosTabGesture", "XamarinIosTabGesture\XamarinIosTabGesture.csproj", "{EDFEDB0C-7090-4662-ADE7-276A051094F8}"
EndProject
Global
	GlobalSection(SolutionConfigurationPlatforms) = preSolution
		Debug|iPhoneSimulator = Debug|iPhoneSimulator
		Release|iPhone = Release|iPhone
		Release|iPhoneSimulator = Release|iPhoneSimulator
		Debug|iPhone = Debug|iPhone
	EndGlobalSection
	GlobalSection(ProjectConfigurationPlatforms) = postSolution
		{EDFEDB0C-7090-4662-ADE7-276A051094F8}.Debug|iPhoneSimulator.ActiveCfg = Debug|iPhoneSimulator
		{EDFEDB0C-7090-4662-ADE7-276A051094F8}.Debug|iPhoneSimulator.Build.0 = Debug|iPhoneSimulator
		{EDFEDB0C-7090-4662-ADE7-276A051094F8}.Release|iPhone.ActiveCfg = Release|iPhone
		{EDFEDB0C-7090-4662-ADE7-276A051094F8}.Release|iPhone.Build.0 = Release|iPhone
		{EDFEDB0C-7090-4662-ADE7-276A051094F8}.Release|iPhoneSimulator.ActiveCfg = Release|iPhoneSimulator
		{EDFEDB0C-7090-4662-ADE7-276A051094F8}.Release|iPhoneSimulator.Build.0 = Release|iPhoneSimulator
		{EDFEDB0C-7090-4662-ADE7-276A051094F8}.Debug|iPhone.ActiveCfg = Debug|iPhone
		{EDFEDB0C-7090-4662-ADE7-276A051094F8}.Debug|iPhone.Build.0 = Debug|iPhone
	EndGlobalSection
EndGlobal
